schema: '2.0'
stages:
  split:
    cmd: python src/data/split_data.py --input_path ./data/raw_data/raw.csv 
      --output_dir ./data/processed
    deps:
    - path: ./data/raw_data/raw.csv
      hash: md5
      md5: 617b56af2992376d5c3e91ad80823898
      size: 333757
    - path: src/data/split_data.py
      hash: md5
      md5: 245b2fc9446d1bc8c6b6a755246a766d
      size: 1365
    outs:
    - path: ./data/processed/X_test.csv
      hash: md5
      md5: ace3de36724488e29be1a15b6ddaefa9
      size: 60151
    - path: ./data/processed/X_train.csv
      hash: md5
      md5: 1d53c949d950d9c05e974df045e50c23
      size: 239404
    - path: ./data/processed/y_test.csv
      hash: md5
      md5: f4af67a3212ab00e1efdd89341223f56
      size: 6473
    - path: ./data/processed/y_train.csv
      hash: md5
      md5: adf073bca29464cdfad732520f736bde
      size: 26009
  scale:
    cmd: python src/data/scale_data.py --input_dir ./data/processed --output_dir
      ./data/processed
    deps:
    - path: ./data/processed/X_test.csv
      hash: md5
      md5: ace3de36724488e29be1a15b6ddaefa9
      size: 60151
    - path: ./data/processed/X_train.csv
      hash: md5
      md5: 1d53c949d950d9c05e974df045e50c23
      size: 239404
    - path: src/data/scale_data.py
      hash: md5
      md5: 925721971a9fd66bd8e49d9b1841ef36
      size: 1338
    outs:
    - path: ./data/processed/X_test_scaled.csv
      hash: md5
      md5: e6ecc20747bef12fd87485ad86ffe375
      size: 57051
    - path: ./data/processed/X_train_scaled.csv
      hash: md5
      md5: 5a53ba4e8232e6b1cd840e260550b65f
      size: 227423
    - path: ./data/processed/scaler.pkl
      hash: md5
      md5: 288942684c679f9c0cbe090aecc7a86e
      size: 1175
  gridsearch:
    cmd: python src/models/grid_search.py --input_dir ./data/processed 
      --model_out ./models/best_params.pkl
    deps:
    - path: ./data/processed/X_train_scaled.csv
      hash: md5
      md5: 5a53ba4e8232e6b1cd840e260550b65f
      size: 227423
    - path: ./data/processed/y_train.csv
      hash: md5
      md5: adf073bca29464cdfad732520f736bde
      size: 26009
    - path: src/models/grid_search.py
      hash: md5
      md5: 6bbf30f320ed946581b9c00daffcc95b
      size: 2068
    outs:
    - path: ./models/best_params.pkl
      hash: md5
      md5: d9e6d6e738a9ee1cb0051daa2dca5440
      size: 86
  train:
    cmd: python src/models/train_model.py --input_dir ./data/processed --params 
      ./models/best_params.pkl --model_out ./models/model.pkl
    deps:
    - path: ./data/processed/X_train_scaled.csv
      hash: md5
      md5: 5a53ba4e8232e6b1cd840e260550b65f
      size: 227423
    - path: ./data/processed/y_train.csv
      hash: md5
      md5: adf073bca29464cdfad732520f736bde
      size: 26009
    - path: ./models/best_params.pkl
      hash: md5
      md5: d9e6d6e738a9ee1cb0051daa2dca5440
      size: 86
    - path: src/models/train_model.py
      hash: md5
      md5: d94b81be93c98a1bb36c20d51dc289d2
      size: 1323
    outs:
    - path: ./models/model.pkl
      hash: md5
      md5: 7c7fc92175e4f01c723a25bd1694a0ba
      size: 7767233
  evaluate:
    cmd: python src/models/evaluate.py --input_dir ./data/processed --model 
      ./models/model.pkl --metrics_dir ./metrics --out_csv 
      ./data/predictions.csv
    deps:
    - path: ./data/processed/X_test_scaled.csv
      hash: md5
      md5: e6ecc20747bef12fd87485ad86ffe375
      size: 57051
    - path: ./data/processed/y_test.csv
      hash: md5
      md5: f4af67a3212ab00e1efdd89341223f56
      size: 6473
    - path: ./models/model.pkl
      hash: md5
      md5: 7c7fc92175e4f01c723a25bd1694a0ba
      size: 7767233
    - path: src/models/evaluate.py
      hash: md5
      md5: b07ed6a2f4da4afaa903baacaa35f149
      size: 1917
    outs:
    - path: ./data/predictions.csv
      hash: md5
      md5: 5730b83c9ef1907ec0a036029de130a9
      size: 73388
    - path: ./metrics/scores.json
      hash: md5
      md5: 6436ba5b90507fd340e72e531a79e689
      size: 95
